PODS:
  - FMDB (2.5):
    - FMDB/standard (= 2.5)
  - FMDB/common (2.5)
  - FMDB/standard (2.5):
    - FMDB/common
  - SDWebImage (3.7.3):
    - SDWebImage/Core (= 3.7.3)
  - SDWebImage/Core (3.7.3)
  - UMengAnalytics-NO-IDFA (3.5.11)
  - UMengFeedback (2.3.4)

DEPENDENCIES:
  - FMDB (~> 2.5)
  - SDWebImage (~> 3.7.2)
  - UMengAnalytics-NO-IDFA
  - UMengFeedback (~> 2.3.3)

SPEC CHECKSUMS:
  FMDB: 96e8f1bcc1329e269330f99770ad4285d9003e52
  SDWebImage: 1d2b1a1efda1ade1b00b6f8498865f8ddedc8a84
  UMengAnalytics-NO-IDFA: e41024644de702e450093ef043af20b5fbe06cbc
  UMengFeedback: 5283cc0e324dffca4dd54c4abb3cbded56487817

COCOAPODS: 0.38.2
